// !$*UTF8*$!
{
	archiveVersion = 1;
	classes = {
	};
	objectVersion = 50;
	objects = {

/* Begin PBXBuildFile section */
		330A38CF218C70BB00801A4F /* AppDelegate.swift in Sources */ = {isa = PBXBuildFile; fileRef = 330A38CE218C70BB00801A4F /* AppDelegate.swift */; };
		330A38D1218C70BB00801A4F /* ViewController.swift in Sources */ = {isa = PBXBuildFile; fileRef = 330A38D0218C70BB00801A4F /* ViewController.swift */; };
		330A38D4218C70BB00801A4F /* Main.storyboard in Resources */ = {isa = PBXBuildFile; fileRef = 330A38D2218C70BB00801A4F /* Main.storyboard */; };
		330A38D6218C70DC00801A4F /* Assets.xcassets in Resources */ = {isa = PBXBuildFile; fileRef = 330A38D5218C70DC00801A4F /* Assets.xcassets */; };
		330A38D9218C70DC00801A4F /* LaunchScreen.storyboard in Resources */ = {isa = PBXBuildFile; fileRef = 330A38D7218C70DC00801A4F /* LaunchScreen.storyboard */; };
		330A38E4218C70DD00801A4F /* calculator02Tests.swift in Sources */ = {isa = PBXBuildFile; fileRef = 330A38E3218C70DD00801A4F /* calculator02Tests.swift */; };
		330A38EF218C70DD00801A4F /* calculator02UITests.swift in Sources */ = {isa = PBXBuildFile; fileRef = 330A38EE218C70DD00801A4F /* calculator02UITests.swift */; };
/* End PBXBuildFile section */

/* Begin PBXContainerItemProxy section */
		330A38E0218C70DD00801A4F /* PBXContainerItemProxy */ = {
			isa = PBXContainerItemProxy;
			containerPortal = 330A38C3218C70BB00801A4F /* Project object */;
			proxyType = 1;
			remoteGlobalIDString = 330A38CA218C70BB00801A4F;
			remoteInfo = calculator02;
		};
		330A38EB218C70DD00801A4F /* PBXContainerItemProxy */ = {
			isa = PBXContainerItemProxy;
			containerPortal = 330A38C3218C70BB00801A4F /* Project object */;
			proxyType = 1;
			remoteGlobalIDString = 330A38CA218C70BB00801A4F;
			remoteInfo = calculator02;
		};
/* End PBXContainerItemProxy section */

/* Begin PBXFileReference section */
		330A38CB218C70BB00801A4F /* calculator02.app */ = {isa = PBXFileReference; explicitFileType = wrapper.application; includeInIndex = 0; path = calculator02.app; sourceTree = BUILT_PRODUCTS_DIR; };
		330A38CE218C70BB00801A4F /* AppDelegate.swift */ = {isa = PBXFileReference; lastKnownFileType = sourcecode.swift; path = AppDelegate.swift; sourceTree = "<group>"; };
		330A38D0218C70BB00801A4F /* ViewController.swift */ = {isa = PBXFileReference; lastKnownFileType = sourcecode.swift; path = ViewController.swift; sourceTree = "<group>"; };
		330A38D3218C70BB00801A4F /* Base */ = {isa = PBXFileReference; lastKnownFileType = file.storyboard; name = Base; path = Base.lproj/Main.storyboard; sourceTree = "<group>"; };
		330A38D5218C70DC00801A4F /* Assets.xcassets */ = {isa = PBXFileReference; lastKnownFileType = folder.assetcatalog; path = Assets.xcassets; sourceTree = "<group>"; };
		330A38D8218C70DC00801A4F /* Base */ = {isa = PBXFileReference; lastKnownFileType = file.storyboard; name = Base; path = Base.lproj/LaunchScreen.storyboard; sourceTree = "<group>"; };
		330A38DA218C70DC00801A4F /* Info.plist */ = {isa = PBXFileReference; lastKnownFileType = text.plist.xml; path = Info.plist; sourceTree = "<group>"; };
		330A38DF218C70DD00801A4F /* calculator02Tests.xctest */ = {isa = PBXFileReference; explicitFileType = wrapper.cfbundle; includeInIndex = 0; path = calculator02Tests.xctest; sourceTree = BUILT_PRODUCTS_DIR; };
		330A38E3218C70DD00801A4F /* calculator02Tests.swift */ = {isa = PBXFileReference; lastKnownFileType = sourcecode.swift; path = calculator02Tests.swift; sourceTree = "<group>"; };
		330A38E5218C70DD00801A4F /* Info.plist */ = {isa = PBXFileReference; lastKnownFileType = text.plist.xml; path = Info.plist; sourceTree = "<group>"; };
		330A38EA218C70DD00801A4F /* calculator02UITests.xctest */ = {isa = PBXFileReference; explicitFileType = wrapper.cfbundle; includeInIndex = 0; path = calculator02UITests.xctest; sourceTree = BUILT_PRODUCTS_DIR; };
		330A38EE218C70DD00801A4F /* calculator02UITests.swift */ = {isa = PBXFileReference; lastKnownFileType = sourcecode.swift; path = calculator02UITests.swift; sourceTree = "<group>"; };
		330A38F0218C70DE00801A4F /* Info.plist */ = {isa = PBXFileReference; lastKnownFileType = text.plist.xml; path = Info.plist; sourceTree = "<group>"; };
/* End PBXFileReference section */

/* Begin PBXFrameworksBuildPhase section */
		330A38C8218C70BB00801A4F /* Frameworks */ = {
			isa = PBXFrameworksBuildPhase;
			buildActionMask = 2147483647;
			files = (
			);
			runOnlyForDeploymentPostprocessing = 0;
		};
		330A38DC218C70DD00801A4F /* Frameworks */ = {
			isa = PBXFrameworksBuildPhase;
			buildActionMask = 2147483647;
			files = (
			);
			runOnlyForDeploymentPostprocessing = 0;
		};
		330A38E7218C70DD00801A4F /* Frameworks */ = {
			isa = PBXFrameworksBuildPhase;
			buildActionMask = 2147483647;
			files = (
			);
			runOnlyForDeploymentPostprocessing = 0;
		};
/* End PBXFrameworksBuildPhase section */

/* Begin PBXGroup section */
		330A38C2218C70BA00801A4F = {
			isa = PBXGroup;
			children = (
				330A38CD218C70BB00801A4F /* calculator02 */,
				330A38E2218C70DD00801A4F /* calculator02Tests */,
				330A38ED218C70DD00801A4F /* calculator02UITests */,
				330A38CC218C70BB00801A4F /* Products */,
			);
			sourceTree = "<group>";
		};
		330A38CC218C70BB00801A4F /* Products */ = {
			isa = PBXGroup;
			children = (
				330A38CB218C70BB00801A4F /* calculator02.app */,
				330A38DF218C70DD00801A4F /* calculator02Tests.xctest */,
				330A38EA218C70DD00801A4F /* calculator02UITests.xctest */,
			);
			name = Products;
			sourceTree = "<group>";
		};
		330A38CD218C70BB00801A4F /* calculator02 */ = {
			isa = PBXGroup;
			children = (
				330A38CE218C70BB00801A4F /* AppDelegate.swift */,
				330A38D0218C70BB00801A4F /* ViewController.swift */,
				330A38D2218C70BB00801A4F /* Main.storyboard */,
				330A38D5218C70DC00801A4F /* Assets.xcassets */,
				330A38D7218C70DC00801A4F /* LaunchScreen.storyboard */,
				330A38DA218C70DC00801A4F /* Info.plist */,
			);
			path = calculator02;
			sourceTree = "<group>";
		};
		330A38E2218C70DD00801A4F /* calculator02Tests */ = {
			isa = PBXGroup;
			children = (
				330A38E3218C70DD00801A4F /* calculator02Tests.swift */,
				330A38E5218C70DD00801A4F /* Info.plist */,
			);
			path = calculator02Tests;
			sourceTree = "<group>";
		};
		330A38ED218C70DD00801A4F /* calculator02UITests */ = {
			isa = PBXGroup;
			children = (
				330A38EE218C70DD00801A4F /* calculator02UITests.swift */,
				330A38F0218C70DE00801A4F /* Info.plist */,
			);
			path = calculator02UITests;
			sourceTree = "<group>";
		};
/* End PBXGroup section */

/* Begin PBXNativeTarget section */
		330A38CA218C70BB00801A4F /* calculator02 */ = {
			isa = PBXNativeTarget;
			buildConfigurationList = 330A38F3218C70DE00801A4F /* Build configuration list for PBXNativeTarget "calculator02" */;
			buildPhases = (
				330A38C7218C70BB00801A4F /* Sources */,
				330A38C8218C70BB00801A4F /* Frameworks */,
				330A38C9218C70BB00801A4F /* Resources */,
			);
			buildRules = (
			);
			dependencies = (
			);
			name = calculator02;
			productName = calculator02;
			productReference = 330A38CB218C70BB00801A4F /* calculator02.app */;
			productType = "com.apple.product-type.application";
		};
		330A38DE218C70DD00801A4F /* calculator02Tests */ = {
			isa = PBXNativeTarget;
			buildConfigurationList = 330A38F6218C70DE00801A4F /* Build configuration list for PBXNativeTarget "calculator02Tests" */;
			buildPhases = (
				330A38DB218C70DD00801A4F /* Sources */,
				330A38DC218C70DD00801A4F /* Frameworks */,
				330A38DD218C70DD00801A4F /* Resources */,
			);
			buildRules = (
			);
			dependencies = (
				330A38E1218C70DD00801A4F /* PBXTargetDependency */,
			);
			name = calculator02Tests;
			productName = calculator02Tests;
			productReference = 330A38DF218C70DD00801A4F /* calculator02Tests.xctest */;
			productType = "com.apple.product-type.bundle.unit-test";
		};
		330A38E9218C70DD00801A4F /* calculator02UITests */ = {
			isa = PBXNativeTarget;
			buildConfigurationList = 330A38F9218C70DE00801A4F /* Build configuration list for PBXNativeTarget "calculator02UITests" */;
			buildPhases = (
				330A38E6218C70DD00801A4F /* Sources */,
				330A38E7218C70DD00801A4F /* Frameworks */,
				330A38E8218C70DD00801A4F /* Resources */,
			);
			buildRules = (
			);
			dependencies = (
				330A38EC218C70DD00801A4F /* PBXTargetDependency */,
			);
			name = calculator02UITests;
			productName = calculator02UITests;
			productReference = 330A38EA218C70DD00801A4F /* calculator02UITests.xctest */;
			productType = "com.apple.product-type.bundle.ui-testing";
		};
/* End PBXNativeTarget section */

/* Begin PBXProject section */
		330A38C3218C70BB00801A4F /* Project object */ = {
			isa = PBXProject;
			attributes = {
				LastSwiftUpdateCheck = 1000;
				LastUpgradeCheck = 1000;
				ORGANIZATIONNAME = s20171106578;
				TargetAttributes = {
					330A38CA218C70BB00801A4F = {
						CreatedOnToolsVersion = 10.0;
					};
					330A38DE218C70DD00801A4F = {
						CreatedOnToolsVersion = 10.0;
						TestTargetID = 330A38CA218C70BB00801A4F;
					};
					330A38E9218C70DD00801A4F = {
						CreatedOnToolsVersion = 10.0;
						TestTargetID = 330A38CA218C70BB00801A4F;
					};
				};
			};
			buildConfigurationList = 330A38C6218C70BB00801A4F /* Build configuration list for PBXProject "calculator02" */;
			compatibilityVersion = "Xcode 9.3";
			developmentRegion = en;
			hasScannedForEncodings = 0;
			knownRegions = (
				en,
				Base,
			);
			mainGroup = 330A38C2218C70BA00801A4F;
			productRefGroup = 330A38CC218C70BB00801A4F /* Products */;
			projectDirPath = "";
			projectRoot = "";
			targets = (
				330A38CA218C70BB00801A4F /* calculator02 */,
				330A38DE218C70DD00801A4F /* calculator02Tests */,
				330A38E9218C70DD00801A4F /* calculator02UITests */,
			);
		};
/* End PBXProject section */

/* Begin PBXResourcesBuildPhase section */
		330A38C9218C70BB00801A4F /* Resources */ = {
			isa = PBXResourcesBuildPhase;
			buildActionMask = 2147483647;
			files = (
				330A38D9218C70DC00801A4F /* LaunchScreen.storyboard in Resources */,
				330A38D6218C70DC00801A4F /* Assets.xcassets in Resources */,
				330A38D4218C70BB00801A4F /* Main.storyboard in Resources */,
			);
			runOnlyForDeploymentPostprocessing = 0;
		};
		330A38DD218C70DD00801A4F /* Resources */ = {
			isa = PBXResourcesBuildPhase;
			buildActionMask = 2147483647;
			files = (
			);
			runOnlyForDeploymentPostprocessing = 0;
		};
		330A38E8218C70DD00801A4F /* Resources */ = {
			isa = PBXResourcesBuildPhase;
			buildActionMask = 2147483647;
			files = (
			);
			runOnlyForDeploymentPostprocessing = 0;
		};
/* End PBXResourcesBuildPhase section */

/* Begin PBXSourcesBuildPhase section */
		330A38C7218C70BB00801A4F /* Sources */ = {
			isa = PBXSourcesBuildPhase;
			buildActionMask = 2147483647;
			files = (
				330A38D1218C70BB00801A4F /* ViewController.swift in Sources */,
				330A38CF218C70BB00801A4F /* AppDelegate.swift in Sources */,
			);
			runOnlyForDeploymentPostprocessing = 0;
		};
		330A38DB218C70DD00801A4F /* Sources */ = {
			isa = PBXSourcesBuildPhase;
			buildActionMask = 2147483647;
			files = (
				330A38E4218C70DD00801A4F /* calculator02Tests.swift in Sources */,
			);
			runOnlyForDeploymentPostprocessing = 0;
		};
		330A38E6218C70DD00801A4F /* Sources */ = {
			isa = PBXSourcesBuildPhase;
			buildActionMask = 2147483647;
			files = (
				330A38EF218C70DD00801A4F /* calculator02UITests.swift in Sources */,
			);
			runOnlyForDeploymentPostprocessing = 0;
		};
/* End PBXSourcesBuildPhase section */

/* Begin PBXTargetDependency section */
		330A38E1218C70DD00801A4F /* PBXTargetDependency */ = {
			isa = PBXTargetDependency;
			target = 330A38CA218C70BB00801A4F /* calculator02 */;
			targetProxy = 330A38E0218C70DD00801A4F /* PBXContainerItemProxy */;
		};
		330A38EC218C70DD00801A4F /* PBXTargetDependency */ = {
			isa = PBXTargetDependency;
			target = 330A38CA218C70BB00801A4F /* calculator02 */;
			targetProxy = 330A38EB218C70DD00801A4F /* PBXContainerItemProxy */;
		};
/* End PBXTargetDependency section */

/* Begin PBXVariantGroup section */
		330A38D2218C70BB00801A4F /* Main.storyboard */ = {
			isa = PBXVariantGroup;
			children = (
				330A38D3218C70BB00801A4F /* Base */,
			);
			name = Main.storyboard;
			sourceTree = "<group>";
		};
		330A38D7218C70DC00801A4F /* LaunchScreen.storyboard */ = {
			isa = PBXVariantGroup;
			children = (
				330A38D8218C70DC00801A4F /* Base */,
			);
			name = LaunchScreen.storyboard;
			sourceTree = "<group>";
		};
/* End PBXVariantGroup section */

/* Begin XCBuildConfiguration section */
		330A38F1218C70DE00801A4F /* Debug */ = {
			isa = XCBuildConfiguration;
			buildSettings = {
				ALWAYS_SEARCH_USER_PATHS = NO;
				CLANG_ANALYZER_NONNULL = YES;
				CLANG_ANALYZER_NUMBER_OBJECT_CONVERSION = YES_AGGRESSIVE;
				CLANG_CXX_LANGUAGE_STANDARD = "gnu++14";
				CLANG_CXX_LIBRARY = "libc++";
				CLANG_ENABLE_MODULES = YES;
				CLANG_ENABLE_OBJC_ARC = YES;
				CLANG_ENABLE_OBJC_WEAK = YES;
				CLANG_WARN_BLOCK_CAPTURE_AUTORELEASING = YES;
				CLANG_WARN_BOOL_CONVERSION = YES;
				CLANG_WARN_COMMA = YES;
				CLANG_WARN_CONSTANT_CONVERSION = YES;
				CLANG_WARN_DEPRECATED_OBJC_IMPLEMENTATIONS = YES;
				CLANG_WARN_DIRECT_OBJC_ISA_USAGE = YES_ERROR;
				CLANG_WARN_DOCUMENTATION_COMMENTS = YES;
				CLANG_WARN_EMPTY_BODY = YES;
				CLANG_WARN_ENUM_CONVERSION = YES;
				CLANG_WARN_INFINITE_RECURSION = YES;
				CLANG_WARN_INT_CONVERSION = YES;
				CLANG_WARN_NON_LITERAL_NULL_CONVERSION = YES;
				CLANG_WARN_OBJC_IMPLICIT_RETAIN_SELF = YES;
				CLANG_WARN_OBJC_LITERAL_CONVERSION = YES;
				CLANG_WARN_OBJC_ROOT_CLASS = YES_ERROR;
				CLANG_WARN_RANGE_LOOP_ANALYSIS = YES;
				CLANG_WARN_STRICT_PROTOTYPES = YES;
				CLANG_WARN_SUSPICIOUS_MOVE = YES;
				CLANG_WARN_UNGUARDED_AVAILABILITY = YES_AGGRESSIVE;
				CLANG_WARN_UNREACHABLE_CODE = YES;
				CLANG_WARN__DUPLICATE_METHOD_MATCH = YES;
				CODE_SIGN_IDENTITY = "iPhone Developer";
				COPY_PHASE_STRIP = NO;
				DEBUG_INFORMATION_FORMAT = dwarf;
				ENABLE_STRICT_OBJC_MSGSEND = YES;
				ENABLE_TESTABILITY = YES;
				GCC_C_LANGUAGE_STANDARD = gnu11;
				GCC_DYNAMIC_NO_PIC = NO;
				GCC_NO_COMMON_BLOCKS = YES;
				GCC_OPTIMIZATION_LEVEL = 0;
				GCC_PREPROCESSOR_DEFINITIONS = (
					"DEBUG=1",
					"$(inherited)",
				);
				GCC_WARN_64_TO_32_BIT_CONVERSION = YES;
				GCC_WARN_ABOUT_RETURN_TYPE = YES_ERROR;
				GCC_WARN_UNDECLARED_SELECTOR = YES;
				GCC_WARN_UNINITIALIZED_AUTOS = YES_AGGRESSIVE;
				GCC_WARN_UNUSED_FUNCTION = YES;
				GCC_WARN_UNUSED_VARIABLE = YES;
				IPHONEOS_DEPLOYMENT_TARGET = 12.0;
				MTL_ENABLE_DEBUG_INFO = INCLUDE_SOURCE;
				MTL_FAST_MATH = YES;
				ONLY_ACTIVE_ARCH = YES;
				SDKROOT = iphoneos;
				SWIFT_ACTIVE_COMPILATION_CONDITIONS = DEBUG;
				SWIFT_OPTIMIZATION_LEVEL = "-Onone";
			};
			name = Debug;
		};
		330A38F2218C70DE00801A4F /* Release */ = {
			isa = XCBuildConfiguration;
			buildSettings = {
				ALWAYS_SEARCH_USER_PATHS = NO;
				CLANG_ANALYZER_NONNULL = YES;
				CLANG_ANALYZER_NUMBER_OBJECT_CONVERSION = YES_AGGRESSIVE;
				CLANG_CXX_LANGUAGE_STANDARD = "gnu++14";
				CLANG_CXX_LIBRARY = "libc++";
				CLANG_ENABLE_MODULES = YES;
				CLANG_ENABLE_OBJC_ARC = YES;
				CLANG_ENABLE_OBJC_WEAK = YES;
				CLANG_WARN_BLOCK_CAPTURE_AUTORELEASING = YES;
				CLANG_WARN_BOOL_CONVERSION = YES;
				CLANG_WARN_COMMA = YES;
				CLANG_WARN_CONSTANT_CONVERSION = YES;
				CLANG_WARN_DEPRECATED_OBJC_IMPLEMENTATIONS = YES;
				CLANG_WARN_DIRECT_OBJC_ISA_USAGE = YES_ERROR;
				CLANG_WARN_DOCUMENTATION_COMMENTS = YES;
				CLANG_WARN_EMPTY_BODY = YES;
				CLANG_WARN_ENUM_CONVERSION = YES;
				CLANG_WARN_INFINITE_RECURSION = YES;
				CLANG_WARN_INT_CONVERSION = YES;
				CLANG_WARN_NON_LITERAL_NULL_CONVERSION = YES;
				CLANG_WARN_OBJC_IMPLICIT_RETAIN_SELF = YES;
				CLANG_WARN_OBJC_LITERAL_CONVERSION = YES;
				CLANG_WARN_OBJC_ROOT_CLASS = YES_ERROR;
				CLANG_WARN_RANGE_LOOP_ANALYSIS = YES;
				CLANG_WARN_STRICT_PROTOTYPES = YES;
				CLANG_WARN_SUSPICIOUS_MOVE = YES;
				CLANG_WARN_UNGUARDED_AVAILABILITY = YES_AGGRESSIVE;
				CLANG_WARN_UNREACHABLE_CODE = YES;
				CLANG_WARN__DUPLICATE_METHOD_MATCH = YES;
				CODE_SIGN_IDENTITY = "iPhone Developer";
				COPY_PHASE_STRIP = NO;
				DEBUG_INFORMATION_FORMAT = "dwarf-with-dsym";
				ENABLE_NS_ASSERTIONS = NO;
				ENABLE_STRICT_OBJC_MSGSEND = YES;
				GCC_C_LANGUAGE_STANDARD = gnu11;
				GCC_NO_COMMON_BLOCKS = YES;
				GCC_WARN_64_TO_32_BIT_CONVERSION = YES;
				GCC_WARN_ABOUT_RETURN_TYPE = YES_ERROR;
				GCC_WARN_UNDECLARED_SELECTOR = YES;
				GCC_WARN_UNINITIALIZED_AUTOS = YES_AGGRESSIVE;
				GCC_WARN_UNUSED_FUNCTION = YES;
				GCC_WARN_UNUSED_VARIABLE = YES;
				IPHONEOS_DEPLOYMENT_TARGET = 12.0;
				MTL_ENABLE_DEBUG_INFO = NO;
				MTL_FAST_MATH = YES;
				SDKROOT = iphoneos;
				SWIFT_COMPILATION_MODE = wholemodule;
				SWIFT_OPTIMIZATION_LEVEL = "-O";
				VALIDATE_PRODUCT = YES;
			};
			name = Release;
		};
		330A38F4218C70DE00801A4F /* Debug */ = {
			isa = XCBuildConfiguration;
			buildSettings = {
				ASSETCATALOG_COMPILER_APPICON_NAME = AppIcon;
				CODE_SIGN_STYLE = Automatic;
				INFOPLIST_FILE = calculator02/Info.plist;
				LD_RUNPATH_SEARCH_PATHS = (
					"$(inherited)",
					"@executable_path/Frameworks",
				);
				PRODUCT_BUNDLE_IDENTIFIER = ZXP15886077136.calculator02;
				PRODUCT_NAME = "$(TARGET_NAME)";
				SWIFT_VERSION = 4.2;
				TARGETED_DEVICE_FAMILY = "1,2";
			};
			name = Debug;
		};
		330A38F5218C70DE00801A4F /* Release */ = {
			isa = XCBuildConfiguration;
			buildSettings = {
				ASSETCATALOG_COMPILER_APPICON_NAME = AppIcon;
				CODE_SIGN_STYLE = Automatic;
				INFOPLIST_FILE = calculator02/Info.plist;
				LD_RUNPATH_SEARCH_PATHS = (
					"$(inherited)",
					"@executable_path/Frameworks",
				);
				PRODUCT_BUNDLE_IDENTIFIER = ZXP15886077136.calculator02;
				PRODUCT_NAME = "$(TARGET_NAME)";
				SWIFT_VERSION = 4.2;
				TARGETED_DEVICE_FAMILY = "1,2";
			};
			name = Release;
		};
		330A38F7218C70DE00801A4F /* Debug */ = {
			isa = XCBuildConfiguration;
			buildSettings = {
				ALWAYS_EMBED_SWIFT_STANDARD_LIBRARIES = YES;
				BUNDLE_LOADER = "$(TEST_HOST)";
				CODE_SIGN_STYLE = Automatic;
				INFOPLIST_FILE = calculator02Tests/Info.plist;
				LD_RUNPATH_SEARCH_PATHS = (
					"$(inherited)",
					"@executable_path/Frameworks",
					"@loader_path/Frameworks",
				);
				PRODUCT_BUNDLE_IDENTIFIER = ZXP15886077136.calculator02Tests;
				PRODUCT_NAME = "$(TARGET_NAME)";
				SWIFT_VERSION = 4.2;
				TARGETED_DEVICE_FAMILY = "1,2";
				TEST_HOST = "$(BUILT_PRODUCTS_DIR)/calculator02.app/calculator02";
			};
			name = Debug;
		};
		330A38F8218C70DE00801A4F /* Release */ = {
			isa = XCBuildConfiguration;
			buildSettings = {
				ALWAYS_EMBED_SWIFT_STANDARD_LIBRARIES = YES;
				BUNDLE_LOADER = "$(TEST_HOST)";
				CODE_SIGN_STYLE = Automatic;
				INFOPLIST_FILE = calculator02Tests/Info.plist;
				LD_RUNPATH_SEARCH_PATHS = (
					"$(inherited)",
					"@executable_path/Frameworks",
					"@loader_path/Frameworks",
				);
				PRODUCT_BUNDLE_IDENTIFIER = ZXP15886077136.calculator02Tests;
				PRODUCT_NAME = "$(TARGET_NAME)";
				SWIFT_VERSION = 4.2;
				TARGETED_DEVICE_FAMILY = "1,2";
				TEST_HOST = "$(BUILT_PRODUCTS_DIR)/calculator02.app/calculator02";
			};
			name = Release;
		};
		330A38FA218C70DE00801A4F /* Debug */ = {
			isa = XCBuildConfiguration;
			buildSettings = {
				ALWAYS_EMBED_SWIFT_STANDARD_LIBRARIES = YES;
				CODE_SIGN_STYLE = Automatic;
				INFOPLIST_FILE = calculator02UITests/Info.plist;
				LD_RUNPATH_SEARCH_PATHS = (
					"$(inherited)",
					"@executable_path/Frameworks",
					"@loader_path/Frameworks",
				);
				PRODUCT_BUNDLE_IDENTIFIER = ZXP15886077136.calculator02UITests;
				PRODUCT_NAME = "$(TARGET_NAME)";
				SWIFT_VERSION = 4.2;
				TARGETED_DEVICE_FAMILY = "1,2";
				TEST_TARGET_NAME = calculator02;
			};
			name = Debug;
		};
		330A38FB218C70DE00801A4F /* Release */ = {
			isa = XCBuildConfiguration;
			buildSettings = {
				ALWAYS_EMBED_SWIFT_STANDARD_LIBRARIES = YES;
				CODE_SIGN_STYLE = Automatic;
				INFOPLIST_FILE = calculator02UITests/Info.plist;
				LD_RUNPATH_SEARCH_PATHS = (
					"$(inherited)",
					"@executable_path/Frameworks",
					"@loader_path/Frameworks",
				);
				PRODUCT_BUNDLE_IDENTIFIER = ZXP15886077136.calculator02UITests;
				PRODUCT_NAME = "$(TARGET_NAME)";
				SWIFT_VERSION = 4.2;
				TARGETED_DEVICE_FAMILY = "1,2";
				TEST_TARGET_NAME = calculator02;
			};
			name = Release;
		};
/* End XCBuildConfiguration section */

/* Begin XCConfigurationList section */
		330A38C6218C70BB00801A4F /* Build configuration list for PBXProject "calculator02" */ = {
			isa = XCConfigurationList;
			buildConfigurations = (
				330A38F1218C70DE00801A4F /* Debug */,
				330A38F2218C70DE00801A4F /* Release */,
			);
			defaultConfigurationIsVisible = 0;
			defaultConfigurationName = Release;
		};
		330A38F3218C70DE00801A4F /* Build configuration list for PBXNativeTarget "calculator02" */ = {
			isa = XCConfigurationList;
			buildConfigurations = (
				330A38F4218C70DE00801A4F /* Debug */,
				330A38F5218C70DE00801A4F /* Release */,
			);
			defaultConfigurationIsVisible = 0;
			defaultConfigurationName = Release;
		};
		330A38F6218C70DE00801A4F /* Build configuration list for PBXNativeTarget "calculator02Tests" */ = {
			isa = XCConfigurationList;
			buildConfigurations = (
				330A38F7218C70DE00801A4F /* Debug */,
				330A38F8218C70DE00801A4F /* Release */,
			);
			defaultConfigurationIsVisible = 0;
			defaultConfigurationName = Release;
		};
		330A38F9218C70DE00801A4F /* Build configuration list for PBXNativeTarget "calculator02UITests" */ = {
			isa = XCConfigurationList;
			buildConfigurations = (
				330A38FA218C70DE00801A4F /* Debug */,
				330A38FB218C70DE00801A4F /* Release */,
			);
			defaultConfigurationIsVisible = 0;
			defaultConfigurationName = Release;
		};
/* End XCConfigurationList section */
	};
	rootObject = 330A38C3218C70BB00801A4F /* Project object */;
}
